
Microsoft Visual Studio Solution File, Format Version 12.00
# Visual Studio Version 17
VisualStudioVersion = 17.11.35312.102
MinimumVisualStudioVersion = 10.0.40219.1
Project("{9A19103F-16F7-4668-BE54-9A1E7A4F7556}") = "COMServer", "COMServer\COMServer.csproj", "{DED70780-3707-41D3-AE1E-02F9E60308D1}"
EndProject
Project("{9A19103F-16F7-4668-BE54-9A1E7A4F7556}") = "AcadNetAddin", "AcadNetAddin\AcadNetAddin.csproj", "{E3B247F3-C446-493E-AA94-D793F584C2D7}"
EndProject
Project("{8BC9CEB8-8B4A-11D0-8D11-00A0C91BC942}") = "AcadArxAddin", "AcadArxAddin\AcadArxAddin.vcxproj", "{98701A32-7F78-495A-8118-BF444D154AC2}"
EndProject
Global
	GlobalSection(SolutionConfigurationPlatforms) = preSolution
		Debug|Any CPU = Debug|Any CPU
		Debug|x64 = Debug|x64
		Debug|x86 = Debug|x86
		Release|Any CPU = Release|Any CPU
		Release|x64 = Release|x64
		Release|x86 = Release|x86
	EndGlobalSection
	GlobalSection(ProjectConfigurationPlatforms) = postSolution
		{DED70780-3707-41D3-AE1E-02F9E60308D1}.Debug|Any CPU.ActiveCfg = Debug|Any CPU
		{DED70780-3707-41D3-AE1E-02F9E60308D1}.Debug|Any CPU.Build.0 = Debug|Any CPU
		{DED70780-3707-41D3-AE1E-02F9E60308D1}.Debug|x64.ActiveCfg = Debug|x64
		{DED70780-3707-41D3-AE1E-02F9E60308D1}.Debug|x64.Build.0 = Debug|x64
		{DED70780-3707-41D3-AE1E-02F9E60308D1}.Debug|x86.ActiveCfg = Debug|Any CPU
		{DED70780-3707-41D3-AE1E-02F9E60308D1}.Debug|x86.Build.0 = Debug|Any CPU
		{DED70780-3707-41D3-AE1E-02F9E60308D1}.Release|Any CPU.ActiveCfg = Release|Any CPU
		{DED70780-3707-41D3-AE1E-02F9E60308D1}.Release|Any CPU.Build.0 = Release|Any CPU
		{DED70780-3707-41D3-AE1E-02F9E60308D1}.Release|x64.ActiveCfg = Release|Any CPU
		{DED70780-3707-41D3-AE1E-02F9E60308D1}.Release|x64.Build.0 = Release|Any CPU
		{DED70780-3707-41D3-AE1E-02F9E60308D1}.Release|x86.ActiveCfg = Release|Any CPU
		{DED70780-3707-41D3-AE1E-02F9E60308D1}.Release|x86.Build.0 = Release|Any CPU
		{E3B247F3-C446-493E-AA94-D793F584C2D7}.Debug|Any CPU.ActiveCfg = Debug|Any CPU
		{E3B247F3-C446-493E-AA94-D793F584C2D7}.Debug|Any CPU.Build.0 = Debug|Any CPU
		{E3B247F3-C446-493E-AA94-D793F584C2D7}.Debug|x64.ActiveCfg = Debug|x64
		{E3B247F3-C446-493E-AA94-D793F584C2D7}.Debug|x64.Build.0 = Debug|x64
		{E3B247F3-C446-493E-AA94-D793F584C2D7}.Debug|x86.ActiveCfg = Debug|Any CPU
		{E3B247F3-C446-493E-AA94-D793F584C2D7}.Debug|x86.Build.0 = Debug|Any CPU
		{E3B247F3-C446-493E-AA94-D793F584C2D7}.Release|Any CPU.ActiveCfg = Release|Any CPU
		{E3B247F3-C446-493E-AA94-D793F584C2D7}.Release|Any CPU.Build.0 = Release|Any CPU
		{E3B247F3-C446-493E-AA94-D793F584C2D7}.Release|x64.ActiveCfg = Release|x64
		{E3B247F3-C446-493E-AA94-D793F584C2D7}.Release|x64.Build.0 = Release|x64
		{E3B247F3-C446-493E-AA94-D793F584C2D7}.Release|x86.ActiveCfg = Release|Any CPU
		{E3B247F3-C446-493E-AA94-D793F584C2D7}.Release|x86.Build.0 = Release|Any CPU
		{98701A32-7F78-495A-8118-BF444D154AC2}.Debug|Any CPU.ActiveCfg = Debug|x64
		{98701A32-7F78-495A-8118-BF444D154AC2}.Debug|Any CPU.Build.0 = Debug|x64
		{98701A32-7F78-495A-8118-BF444D154AC2}.Debug|x64.ActiveCfg = Debug|x64
		{98701A32-7F78-495A-8118-BF444D154AC2}.Debug|x64.Build.0 = Debug|x64
		{98701A32-7F78-495A-8118-BF444D154AC2}.Debug|x86.ActiveCfg = Debug|x64
		{98701A32-7F78-495A-8118-BF444D154AC2}.Debug|x86.Build.0 = Debug|x64
		{98701A32-7F78-495A-8118-BF444D154AC2}.Release|Any CPU.ActiveCfg = Debug|x64
		{98701A32-7F78-495A-8118-BF444D154AC2}.Release|x64.ActiveCfg = Debug|x64
		{98701A32-7F78-495A-8118-BF444D154AC2}.Release|x86.ActiveCfg = Debug|x64
	EndGlobalSection
	GlobalSection(SolutionProperties) = preSolution
		HideSolutionNode = FALSE
	EndGlobalSection
	GlobalSection(ExtensibilityGlobals) = postSolution
		SolutionGuid = {495F8BEB-961A-4095-A2F0-98CEC80FCEB9}
	EndGlobalSection
EndGlobal
